
Microsoft Visual Studio Solution File, Format Version 12.00
# Visual Studio Version 16
VisualStudioVersion = 16.0.29728.190
MinimumVisualStudioVersion = 10.0.40219.1
Project("{9A19103F-16F7-4668-BE54-9A1E7A4F7556}") = "WebAPI", "WebAPI.csproj", "{DCFAFCE7-AD30-49F6-8E90-5303AE584782}"
EndProject
Global
	GlobalSection(SolutionConfigurationPlatforms) = preSolution
		Debug|Any CPU = Debug|Any CPU
		Release|Any CPU = Release|Any CPU
	EndGlobalSection
	GlobalSection(ProjectConfigurationPlatforms) = postSolution
		{DCFAFCE7-AD30-49F6-8E90-5303AE584782}.Debug|Any CPU.ActiveCfg = Debug|Any CPU
		{DCFAFCE7-AD30-49F6-8E90-5303AE584782}.Debug|Any CPU.Build.0 = Debug|Any CPU
		{DCFAFCE7-AD30-49F6-8E90-5303AE584782}.Release|Any CPU.ActiveCfg = Release|Any CPU
		{DCFAFCE7-AD30-49F6-8E90-5303AE584782}.Release|Any CPU.Build.0 = Release|Any CPU
	EndGlobalSection
	GlobalSection(SolutionProperties) = preSolution
		HideSolutionNode = FALSE
	EndGlobalSection
	GlobalSection(ExtensibilityGlobals) = postSolution
		SolutionGuid = {06BC56F6-48E2-4C64-8463-3C1CEBA6015F}
	EndGlobalSection
EndGlobal
